
Microsoft Visual Studio Solution File, Format Version 12.00
# Visual Studio Version 17
VisualStudioVersion = 17.0.31903.59
MinimumVisualStudioVersion = 10.0.40219.1
Project("{2150E333-8FDC-42A3-9474-1A3956D46DE8}") = "BuildingBlocks", "BuildingBlocks", "{02EA681E-C7D8-13C7-8484-4AC65E1B71E8}"
EndProject
Project("{2150E333-8FDC-42A3-9474-1A3956D46DE8}") = "Services", "Services", "{2018E501-14EA-40B0-8AE9-03E44CD3FB43}"
EndProject
Project("{2150E333-8FDC-42A3-9474-1A3956D46DE8}") = "Tests", "Tests", "{40A90E65-AFAD-471E-A37D-5C44E7161AF3}"
EndProject
Project("{2150E333-8FDC-42A3-9474-1A3956D46DE8}") = "Catalog", "Catalog", "{E1C5E2AD-55A0-4427-90E2-57149B1C4695}"
EndProject
Project("{FAE04EC0-301F-11D3-BF4B-00C04F79EFBC}") = "FC.Catalog.Domain", "services\catalog\FC.Catalog.Domain\FC.Catalog.Domain.csproj", "{DCB944E7-6FBB-4286-FB84-62B9B8ACAE3B}"
EndProject
Project("{FAE04EC0-301F-11D3-BF4B-00C04F79EFBC}") = "FC.Catalog.Infrastructure", "services\catalog\FC.Catalog.Infrastructure\FC.Catalog.Infrastructure.csproj", "{7A609109-4400-CE91-7C6E-330B299C5DFF}"
EndProject
Project("{FAE04EC0-301F-11D3-BF4B-00C04F79EFBC}") = "FC.Catalog.WebAPI", "services\catalog\FC.Catalog.WebAPI\FC.Catalog.WebAPI.csproj", "{0D104A7D-E49A-C5FB-F777-1ACE119360A9}"
EndProject
Project("{2150E333-8FDC-42A3-9474-1A3956D46DE8}") = "Unit", "Unit", "{D04381B0-1B52-4C95-81E8-B638CD9F9CD4}"
EndProject
Project("{FAE04EC0-301F-11D3-BF4B-00C04F79EFBC}") = "FC.Catalog.Unit.Tests", "tests\unit\FC.Catalog.Unit.Tests\FC.Catalog.Unit.Tests.csproj", "{387BD637-DB2F-2029-CF09-BFD452C36188}"
EndProject
Project("{FAE04EC0-301F-11D3-BF4B-00C04F79EFBC}") = "FC.BuildingBlocks.Domain", "buildingblocks\FC.BuildingBlocks.Domain\FC.BuildingBlocks.Domain.csproj", "{C41892AA-3C30-40A8-8F5D-7033A3528900}"
EndProject
Project("{FAE04EC0-301F-11D3-BF4B-00C04F79EFBC}") = "FC.BuildingBlocks.Infrastructure", "buildingblocks\FC.BuildingBlocks.Infrastructure\FC.BuildingBlocks.Infrastructure.csproj", "{BCD5FE8C-D49C-4C2E-8656-F3818E22E787}"
EndProject
Project("{FAE04EC0-301F-11D3-BF4B-00C04F79EFBC}") = "FC.BuildingBlocks.WebAPI", "buildingblocks\FC.BuildingBlocks.WebAPI\FC.BuildingBlocks.WebAPI.csproj", "{4FE023F6-10A2-49A3-A07A-23507A5E09BF}"
EndProject
Project("{2150E333-8FDC-42A3-9474-1A3956D46DE8}") = "Auth", "Auth", "{323EAAC9-54B7-4375-A68A-AC8DBA3BA4B2}"
EndProject
Project("{FAE04EC0-301F-11D3-BF4B-00C04F79EFBC}") = "FC.Auth.WebAPI", "services\auth\FC.Auth.WebAPI\FC.Auth.WebAPI.csproj", "{D130FC46-44BB-48C0-AA3E-8F2D81ADDA79}"
EndProject
Project("{FAE04EC0-301F-11D3-BF4B-00C04F79EFBC}") = "FC.Auth.Infrastructure", "services\auth\FC.Auth.Infrastructure\FC.Auth.Infrastructure.csproj", "{C0F4B577-9724-426B-9347-AE1CA3174DF4}"
EndProject
Project("{FAE04EC0-301F-11D3-BF4B-00C04F79EFBC}") = "FC.Auth.Domain", "services\auth\FC.Auth.Domain\FC.Auth.Domain.csproj", "{ACDC5583-3196-4901-AE1D-90298030C841}"
EndProject
Project("{FAE04EC0-301F-11D3-BF4B-00C04F79EFBC}") = "FC.Auth.Unit.Tests", "tests\unit\FC.Auth.Unit.Tests\FC.Auth.Unit.Tests.csproj", "{495764B3-463F-406D-BCE9-2B5887785E4C}"
EndProject
Project("{FAE04EC0-301F-11D3-BF4B-00C04F79EFBC}") = "FC.Auth.Application", "services\auth\FC.Auth.Application\FC.Auth.Application.csproj", "{D46B6361-EA2E-4C84-9CF5-FEE0B3D4C166}"
EndProject
Project("{2150E333-8FDC-42A3-9474-1A3956D46DE8}") = "Integration", "Integration", "{3199255A-3920-4A58-B6B8-1D0A97B31C47}"
EndProject
Project("{FAE04EC0-301F-11D3-BF4B-00C04F79EFBC}") = "FC.Auth.Integration.Tests", "tests\integration\FC.Auth.Integration.Tests\FC.Auth.Integration.Tests.csproj", "{E72E3635-CCDE-444F-A691-020FEFFC9F27}"
EndProject
Project("{FAE04EC0-301F-11D3-BF4B-00C04F79EFBC}") = "FC.BuildingBlocks.Integration.Tests", "buildingblocks\FC.BuildingBlocks.Integration.Tests\FC.BuildingBlocks.Integration.Tests.csproj", "{7927B7DD-D3B4-4672-9FFA-71011E87884C}"
EndProject
Project("{FAE04EC0-301F-11D3-BF4B-00C04F79EFBC}") = "FC.BuildingBlocks.Application", "buildingblocks\FC.BuildingBlocks.Application\FC.BuildingBlocks.Application.csproj", "{97E69550-C5BE-46CE-88CF-AE6F51D61448}"
EndProject
Project("{E53339B2-1760-4266-BCC7-CA923CBCF16C}") = "docker-compose", "docker-compose.dcproj", "{81DDED9D-158B-E303-5F62-77A2896D2A5A}"
EndProject
Project("{FAE04EC0-301F-11D3-BF4B-00C04F79EFBC}") = "FC.BuildingBlocks.Unit.Tests", "tests\unit\FC.BuildingBlocks.Unit.Tests\FC.BuildingBlocks.Unit.Tests.csproj", "{98FFFE87-17D6-43DB-804F-A7D02DAF58A9}"
EndProject
Global
	GlobalSection(SolutionConfigurationPlatforms) = preSolution
		Debug|Any CPU = Debug|Any CPU
		Release|Any CPU = Release|Any CPU
	EndGlobalSection
	GlobalSection(ProjectConfigurationPlatforms) = postSolution
		{DCB944E7-6FBB-4286-FB84-62B9B8ACAE3B}.Debug|Any CPU.ActiveCfg = Debug|Any CPU
		{DCB944E7-6FBB-4286-FB84-62B9B8ACAE3B}.Debug|Any CPU.Build.0 = Debug|Any CPU
		{DCB944E7-6FBB-4286-FB84-62B9B8ACAE3B}.Release|Any CPU.ActiveCfg = Release|Any CPU
		{DCB944E7-6FBB-4286-FB84-62B9B8ACAE3B}.Release|Any CPU.Build.0 = Release|Any CPU
		{7A609109-4400-CE91-7C6E-330B299C5DFF}.Debug|Any CPU.ActiveCfg = Debug|Any CPU
		{7A609109-4400-CE91-7C6E-330B299C5DFF}.Debug|Any CPU.Build.0 = Debug|Any CPU
		{7A609109-4400-CE91-7C6E-330B299C5DFF}.Release|Any CPU.ActiveCfg = Release|Any CPU
		{7A609109-4400-CE91-7C6E-330B299C5DFF}.Release|Any CPU.Build.0 = Release|Any CPU
		{0D104A7D-E49A-C5FB-F777-1ACE119360A9}.Debug|Any CPU.ActiveCfg = Debug|Any CPU
		{0D104A7D-E49A-C5FB-F777-1ACE119360A9}.Debug|Any CPU.Build.0 = Debug|Any CPU
		{0D104A7D-E49A-C5FB-F777-1ACE119360A9}.Release|Any CPU.ActiveCfg = Release|Any CPU
		{0D104A7D-E49A-C5FB-F777-1ACE119360A9}.Release|Any CPU.Build.0 = Release|Any CPU
		{387BD637-DB2F-2029-CF09-BFD452C36188}.Debug|Any CPU.ActiveCfg = Debug|Any CPU
		{387BD637-DB2F-2029-CF09-BFD452C36188}.Debug|Any CPU.Build.0 = Debug|Any CPU
		{387BD637-DB2F-2029-CF09-BFD452C36188}.Release|Any CPU.ActiveCfg = Release|Any CPU
		{387BD637-DB2F-2029-CF09-BFD452C36188}.Release|Any CPU.Build.0 = Release|Any CPU
		{C41892AA-3C30-40A8-8F5D-7033A3528900}.Debug|Any CPU.ActiveCfg = Debug|Any CPU
		{C41892AA-3C30-40A8-8F5D-7033A3528900}.Debug|Any CPU.Build.0 = Debug|Any CPU
		{C41892AA-3C30-40A8-8F5D-7033A3528900}.Release|Any CPU.ActiveCfg = Release|Any CPU
		{C41892AA-3C30-40A8-8F5D-7033A3528900}.Release|Any CPU.Build.0 = Release|Any CPU
		{BCD5FE8C-D49C-4C2E-8656-F3818E22E787}.Debug|Any CPU.ActiveCfg = Debug|Any CPU
		{BCD5FE8C-D49C-4C2E-8656-F3818E22E787}.Debug|Any CPU.Build.0 = Debug|Any CPU
		{BCD5FE8C-D49C-4C2E-8656-F3818E22E787}.Release|Any CPU.ActiveCfg = Release|Any CPU
		{BCD5FE8C-D49C-4C2E-8656-F3818E22E787}.Release|Any CPU.Build.0 = Release|Any CPU
		{4FE023F6-10A2-49A3-A07A-23507A5E09BF}.Debug|Any CPU.ActiveCfg = Debug|Any CPU
		{4FE023F6-10A2-49A3-A07A-23507A5E09BF}.Debug|Any CPU.Build.0 = Debug|Any CPU
		{4FE023F6-10A2-49A3-A07A-23507A5E09BF}.Release|Any CPU.ActiveCfg = Release|Any CPU
		{4FE023F6-10A2-49A3-A07A-23507A5E09BF}.Release|Any CPU.Build.0 = Release|Any CPU
		{D130FC46-44BB-48C0-AA3E-8F2D81ADDA79}.Debug|Any CPU.ActiveCfg = Debug|Any CPU
		{D130FC46-44BB-48C0-AA3E-8F2D81ADDA79}.Debug|Any CPU.Build.0 = Debug|Any CPU
		{D130FC46-44BB-48C0-AA3E-8F2D81ADDA79}.Release|Any CPU.ActiveCfg = Release|Any CPU
		{D130FC46-44BB-48C0-AA3E-8F2D81ADDA79}.Release|Any CPU.Build.0 = Release|Any CPU
		{C0F4B577-9724-426B-9347-AE1CA3174DF4}.Debug|Any CPU.ActiveCfg = Debug|Any CPU
		{C0F4B577-9724-426B-9347-AE1CA3174DF4}.Debug|Any CPU.Build.0 = Debug|Any CPU
		{C0F4B577-9724-426B-9347-AE1CA3174DF4}.Release|Any CPU.ActiveCfg = Release|Any CPU
		{C0F4B577-9724-426B-9347-AE1CA3174DF4}.Release|Any CPU.Build.0 = Release|Any CPU
		{ACDC5583-3196-4901-AE1D-90298030C841}.Debug|Any CPU.ActiveCfg = Debug|Any CPU
		{ACDC5583-3196-4901-AE1D-90298030C841}.Debug|Any CPU.Build.0 = Debug|Any CPU
		{ACDC5583-3196-4901-AE1D-90298030C841}.Release|Any CPU.ActiveCfg = Release|Any CPU
		{ACDC5583-3196-4901-AE1D-90298030C841}.Release|Any CPU.Build.0 = Release|Any CPU
		{495764B3-463F-406D-BCE9-2B5887785E4C}.Debug|Any CPU.ActiveCfg = Debug|Any CPU
		{495764B3-463F-406D-BCE9-2B5887785E4C}.Debug|Any CPU.Build.0 = Debug|Any CPU
		{495764B3-463F-406D-BCE9-2B5887785E4C}.Release|Any CPU.ActiveCfg = Release|Any CPU
		{495764B3-463F-406D-BCE9-2B5887785E4C}.Release|Any CPU.Build.0 = Release|Any CPU
		{D46B6361-EA2E-4C84-9CF5-FEE0B3D4C166}.Debug|Any CPU.ActiveCfg = Debug|Any CPU
		{D46B6361-EA2E-4C84-9CF5-FEE0B3D4C166}.Debug|Any CPU.Build.0 = Debug|Any CPU
		{D46B6361-EA2E-4C84-9CF5-FEE0B3D4C166}.Release|Any CPU.ActiveCfg = Release|Any CPU
		{D46B6361-EA2E-4C84-9CF5-FEE0B3D4C166}.Release|Any CPU.Build.0 = Release|Any CPU
		{E72E3635-CCDE-444F-A691-020FEFFC9F27}.Debug|Any CPU.ActiveCfg = Debug|Any CPU
		{E72E3635-CCDE-444F-A691-020FEFFC9F27}.Debug|Any CPU.Build.0 = Debug|Any CPU
		{E72E3635-CCDE-444F-A691-020FEFFC9F27}.Release|Any CPU.ActiveCfg = Release|Any CPU
		{E72E3635-CCDE-444F-A691-020FEFFC9F27}.Release|Any CPU.Build.0 = Release|Any CPU
		{7927B7DD-D3B4-4672-9FFA-71011E87884C}.Debug|Any CPU.ActiveCfg = Debug|Any CPU
		{7927B7DD-D3B4-4672-9FFA-71011E87884C}.Debug|Any CPU.Build.0 = Debug|Any CPU
		{7927B7DD-D3B4-4672-9FFA-71011E87884C}.Release|Any CPU.ActiveCfg = Release|Any CPU
		{7927B7DD-D3B4-4672-9FFA-71011E87884C}.Release|Any CPU.Build.0 = Release|Any CPU
		{97E69550-C5BE-46CE-88CF-AE6F51D61448}.Debug|Any CPU.ActiveCfg = Debug|Any CPU
		{97E69550-C5BE-46CE-88CF-AE6F51D61448}.Debug|Any CPU.Build.0 = Debug|Any CPU
		{97E69550-C5BE-46CE-88CF-AE6F51D61448}.Release|Any CPU.ActiveCfg = Release|Any CPU
		{97E69550-C5BE-46CE-88CF-AE6F51D61448}.Release|Any CPU.Build.0 = Release|Any CPU
		{81DDED9D-158B-E303-5F62-77A2896D2A5A}.Debug|Any CPU.ActiveCfg = Debug|Any CPU
		{81DDED9D-158B-E303-5F62-77A2896D2A5A}.Debug|Any CPU.Build.0 = Debug|Any CPU
		{81DDED9D-158B-E303-5F62-77A2896D2A5A}.Release|Any CPU.ActiveCfg = Release|Any CPU
		{81DDED9D-158B-E303-5F62-77A2896D2A5A}.Release|Any CPU.Build.0 = Release|Any CPU
		{98FFFE87-17D6-43DB-804F-A7D02DAF58A9}.Debug|Any CPU.ActiveCfg = Debug|Any CPU
		{98FFFE87-17D6-43DB-804F-A7D02DAF58A9}.Debug|Any CPU.Build.0 = Debug|Any CPU
		{98FFFE87-17D6-43DB-804F-A7D02DAF58A9}.Release|Any CPU.ActiveCfg = Release|Any CPU
		{98FFFE87-17D6-43DB-804F-A7D02DAF58A9}.Release|Any CPU.Build.0 = Release|Any CPU
	EndGlobalSection
	GlobalSection(SolutionProperties) = preSolution
		HideSolutionNode = FALSE
	EndGlobalSection
	GlobalSection(NestedProjects) = preSolution
		{E1C5E2AD-55A0-4427-90E2-57149B1C4695} = {2018E501-14EA-40B0-8AE9-03E44CD3FB43}
		{DCB944E7-6FBB-4286-FB84-62B9B8ACAE3B} = {E1C5E2AD-55A0-4427-90E2-57149B1C4695}
		{7A609109-4400-CE91-7C6E-330B299C5DFF} = {E1C5E2AD-55A0-4427-90E2-57149B1C4695}
		{0D104A7D-E49A-C5FB-F777-1ACE119360A9} = {E1C5E2AD-55A0-4427-90E2-57149B1C4695}
		{D04381B0-1B52-4C95-81E8-B638CD9F9CD4} = {40A90E65-AFAD-471E-A37D-5C44E7161AF3}
		{387BD637-DB2F-2029-CF09-BFD452C36188} = {D04381B0-1B52-4C95-81E8-B638CD9F9CD4}
		{C41892AA-3C30-40A8-8F5D-7033A3528900} = {02EA681E-C7D8-13C7-8484-4AC65E1B71E8}
		{BCD5FE8C-D49C-4C2E-8656-F3818E22E787} = {02EA681E-C7D8-13C7-8484-4AC65E1B71E8}
		{4FE023F6-10A2-49A3-A07A-23507A5E09BF} = {02EA681E-C7D8-13C7-8484-4AC65E1B71E8}
		{323EAAC9-54B7-4375-A68A-AC8DBA3BA4B2} = {2018E501-14EA-40B0-8AE9-03E44CD3FB43}
		{D130FC46-44BB-48C0-AA3E-8F2D81ADDA79} = {323EAAC9-54B7-4375-A68A-AC8DBA3BA4B2}
		{C0F4B577-9724-426B-9347-AE1CA3174DF4} = {323EAAC9-54B7-4375-A68A-AC8DBA3BA4B2}
		{ACDC5583-3196-4901-AE1D-90298030C841} = {323EAAC9-54B7-4375-A68A-AC8DBA3BA4B2}
		{495764B3-463F-406D-BCE9-2B5887785E4C} = {D04381B0-1B52-4C95-81E8-B638CD9F9CD4}
		{D46B6361-EA2E-4C84-9CF5-FEE0B3D4C166} = {323EAAC9-54B7-4375-A68A-AC8DBA3BA4B2}
		{3199255A-3920-4A58-B6B8-1D0A97B31C47} = {40A90E65-AFAD-471E-A37D-5C44E7161AF3}
		{E72E3635-CCDE-444F-A691-020FEFFC9F27} = {3199255A-3920-4A58-B6B8-1D0A97B31C47}
		{7927B7DD-D3B4-4672-9FFA-71011E87884C} = {02EA681E-C7D8-13C7-8484-4AC65E1B71E8}
		{97E69550-C5BE-46CE-88CF-AE6F51D61448} = {02EA681E-C7D8-13C7-8484-4AC65E1B71E8}
		{98FFFE87-17D6-43DB-804F-A7D02DAF58A9} = {D04381B0-1B52-4C95-81E8-B638CD9F9CD4}
	EndGlobalSection
	GlobalSection(ExtensibilityGlobals) = postSolution
		SolutionGuid = {19B3AF10-641D-45D1-BF03-B43896FCC9F5}
	EndGlobalSection
EndGlobal
